
Microsoft Visual Studio Solution File, Format Version 12.00
# Visual Studio Version 17
VisualStudioVersion = 17.5.33424.131
MinimumVisualStudioVersion = 10.0.40219.1
Project("{FAE04EC0-301F-11D3-BF4B-00C04F79EFBC}") = "hw0703new", "hw0703new.csproj", "{9037BD50-0B0D-4DC9-8406-D06CC2D1A670}"
EndProject
Global
	GlobalSection(SolutionConfigurationPlatforms) = preSolution
		Debug|Any CPU = Debug|Any CPU
		Release|Any CPU = Release|Any CPU
	EndGlobalSection
	GlobalSection(ProjectConfigurationPlatforms) = postSolution
		{9037BD50-0B0D-4DC9-8406-D06CC2D1A670}.Debug|Any CPU.ActiveCfg = Debug|Any CPU
		{9037BD50-0B0D-4DC9-8406-D06CC2D1A670}.Debug|Any CPU.Build.0 = Debug|Any CPU
		{9037BD50-0B0D-4DC9-8406-D06CC2D1A670}.Release|Any CPU.ActiveCfg = Release|Any CPU
		{9037BD50-0B0D-4DC9-8406-D06CC2D1A670}.Release|Any CPU.Build.0 = Release|Any CPU
	EndGlobalSection
	GlobalSection(SolutionProperties) = preSolution
		HideSolutionNode = FALSE
	EndGlobalSection
	GlobalSection(ExtensibilityGlobals) = postSolution
		SolutionGuid = {77FEB7FF-8EA8-45E4-91EC-78F930F66184}
	EndGlobalSection
EndGlobal
