
Microsoft Visual Studio Solution File, Format Version 12.00
# Visual Studio Version 17
VisualStudioVersion = 17.5.33424.131
MinimumVisualStudioVersion = 10.0.40219.1
Project("{FAE04EC0-301F-11D3-BF4B-00C04F79EFBC}") = "test0314", "test0314.csproj", "{7D3B8E87-093C-4C07-B65A-749B4EA251D8}"
EndProject
Global
	GlobalSection(SolutionConfigurationPlatforms) = preSolution
		Debug|Any CPU = Debug|Any CPU
		Release|Any CPU = Release|Any CPU
	EndGlobalSection
	GlobalSection(ProjectConfigurationPlatforms) = postSolution
		{7D3B8E87-093C-4C07-B65A-749B4EA251D8}.Debug|Any CPU.ActiveCfg = Debug|Any CPU
		{7D3B8E87-093C-4C07-B65A-749B4EA251D8}.Debug|Any CPU.Build.0 = Debug|Any CPU
		{7D3B8E87-093C-4C07-B65A-749B4EA251D8}.Release|Any CPU.ActiveCfg = Release|Any CPU
		{7D3B8E87-093C-4C07-B65A-749B4EA251D8}.Release|Any CPU.Build.0 = Release|Any CPU
	EndGlobalSection
	GlobalSection(SolutionProperties) = preSolution
		HideSolutionNode = FALSE
	EndGlobalSection
	GlobalSection(ExtensibilityGlobals) = postSolution
		SolutionGuid = {CC87BB77-49B4-48EB-96C0-11B6831E2C69}
	EndGlobalSection
EndGlobal
