
Microsoft Visual Studio Solution File, Format Version 12.00
# Visual Studio Version 17
VisualStudioVersion = 17.5.33424.131
MinimumVisualStudioVersion = 10.0.40219.1
Project("{FAE04EC0-301F-11D3-BF4B-00C04F79EFBC}") = "hw0503", "hw0503.csproj", "{EE725427-4C24-4BF0-BBC8-65BF49AEEDA0}"
EndProject
Global
	GlobalSection(SolutionConfigurationPlatforms) = preSolution
		Debug|Any CPU = Debug|Any CPU
		Release|Any CPU = Release|Any CPU
	EndGlobalSection
	GlobalSection(ProjectConfigurationPlatforms) = postSolution
		{EE725427-4C24-4BF0-BBC8-65BF49AEEDA0}.Debug|Any CPU.ActiveCfg = Debug|Any CPU
		{EE725427-4C24-4BF0-BBC8-65BF49AEEDA0}.Debug|Any CPU.Build.0 = Debug|Any CPU
		{EE725427-4C24-4BF0-BBC8-65BF49AEEDA0}.Release|Any CPU.ActiveCfg = Release|Any CPU
		{EE725427-4C24-4BF0-BBC8-65BF49AEEDA0}.Release|Any CPU.Build.0 = Release|Any CPU
	EndGlobalSection
	GlobalSection(SolutionProperties) = preSolution
		HideSolutionNode = FALSE
	EndGlobalSection
	GlobalSection(ExtensibilityGlobals) = postSolution
		SolutionGuid = {361C02ED-0B71-4F48-BF93-C363B54EDAFE}
	EndGlobalSection
EndGlobal
