
Microsoft Visual Studio Solution File, Format Version 12.00
# Visual Studio Version 17
VisualStudioVersion = 17.5.33502.453
MinimumVisualStudioVersion = 10.0.40219.1
Project("{FAE04EC0-301F-11D3-BF4B-00C04F79EFBC}") = "test2003", "test2003.csproj", "{BC4938AA-54DD-43F9-9DE8-704BB0DC67D4}"
EndProject
Global
	GlobalSection(SolutionConfigurationPlatforms) = preSolution
		Debug|Any CPU = Debug|Any CPU
		Release|Any CPU = Release|Any CPU
	EndGlobalSection
	GlobalSection(ProjectConfigurationPlatforms) = postSolution
		{BC4938AA-54DD-43F9-9DE8-704BB0DC67D4}.Debug|Any CPU.ActiveCfg = Debug|Any CPU
		{BC4938AA-54DD-43F9-9DE8-704BB0DC67D4}.Debug|Any CPU.Build.0 = Debug|Any CPU
		{BC4938AA-54DD-43F9-9DE8-704BB0DC67D4}.Release|Any CPU.ActiveCfg = Release|Any CPU
		{BC4938AA-54DD-43F9-9DE8-704BB0DC67D4}.Release|Any CPU.Build.0 = Release|Any CPU
	EndGlobalSection
	GlobalSection(SolutionProperties) = preSolution
		HideSolutionNode = FALSE
	EndGlobalSection
	GlobalSection(ExtensibilityGlobals) = postSolution
		SolutionGuid = {F95C8DAC-4996-425A-A628-7DE9B96AD10C}
	EndGlobalSection
EndGlobal
